
Microsoft Visual Studio Solution File, Format Version 12.00
# Visual Studio Version 16
VisualStudioVersion = 16.0.29230.47
MinimumVisualStudioVersion = 10.0.40219.1
Project("{FAE04EC0-301F-11D3-BF4B-00C04F79EFBC}") = "Proyecto Archivos", "Proyecto Archivos.csproj", "{C704115F-58D2-4B7F-B019-F8EFC8F6D7DF}"
EndProject
Global
	GlobalSection(SolutionConfigurationPlatforms) = preSolution
		Debug|Any CPU = Debug|Any CPU
		Release|Any CPU = Release|Any CPU
	EndGlobalSection
	GlobalSection(ProjectConfigurationPlatforms) = postSolution
		{C704115F-58D2-4B7F-B019-F8EFC8F6D7DF}.Debug|Any CPU.ActiveCfg = Debug|Any CPU
		{C704115F-58D2-4B7F-B019-F8EFC8F6D7DF}.Debug|Any CPU.Build.0 = Debug|Any CPU
		{C704115F-58D2-4B7F-B019-F8EFC8F6D7DF}.Release|Any CPU.ActiveCfg = Release|Any CPU
		{C704115F-58D2-4B7F-B019-F8EFC8F6D7DF}.Release|Any CPU.Build.0 = Release|Any CPU
	EndGlobalSection
	GlobalSection(SolutionProperties) = preSolution
		HideSolutionNode = FALSE
	EndGlobalSection
	GlobalSection(ExtensibilityGlobals) = postSolution
		SolutionGuid = {4BF3DC9B-0297-4D51-BD0C-92D1DF300D6E}
	EndGlobalSection
EndGlobal
